
Microsoft Visual Studio Solution File, Format Version 12.00
# Visual Studio Version 16
VisualStudioVersion = 16.0.31019.35
MinimumVisualStudioVersion = 10.0.40219.1
Project("{FAE04EC0-301F-11D3-BF4B-00C04F79EFBC}") = "WindowsFormsApp1", "WindowsFormsApp1\WindowsFormsApp1.csproj", "{4D2464C6-EE8B-41C3-B5BB-426FA914513C}"
EndProject
Global
	GlobalSection(SolutionConfigurationPlatforms) = preSolution
		Debug|Any CPU = Debug|Any CPU
		Release|Any CPU = Release|Any CPU
	EndGlobalSection
	GlobalSection(ProjectConfigurationPlatforms) = postSolution
		{4D2464C6-EE8B-41C3-B5BB-426FA914513C}.Debug|Any CPU.ActiveCfg = Debug|Any CPU
		{4D2464C6-EE8B-41C3-B5BB-426FA914513C}.Debug|Any CPU.Build.0 = Debug|Any CPU
		{4D2464C6-EE8B-41C3-B5BB-426FA914513C}.Release|Any CPU.ActiveCfg = Release|Any CPU
		{4D2464C6-EE8B-41C3-B5BB-426FA914513C}.Release|Any CPU.Build.0 = Release|Any CPU
	EndGlobalSection
	GlobalSection(SolutionProperties) = preSolution
		HideSolutionNode = FALSE
	EndGlobalSection
	GlobalSection(ExtensibilityGlobals) = postSolution
		SolutionGuid = {F6ABB098-F44F-4269-B3A7-97921161907D}
	EndGlobalSection
EndGlobal
